Microsoft Visual Studio Solution File, Format Version 12.00
# Visual Studio Version 17
VisualStudioVersion = 17.5.2.0
MinimumVisualStudioVersion = 10.0.40219.1
Project("{FAE04EC0-301F-11D3-BF4B-00C04F79EFBC}") = "ORMLab", "ORMLab.csproj", "{0FCE71D8-B1DA-5B69-774C-B69D00BA19CC}"
EndProject
Global
	GlobalSection(SolutionConfigurationPlatforms) = preSolution
		Debug|Any CPU = Debug|Any CPU
		Release|Any CPU = Release|Any CPU
	EndGlobalSection
	GlobalSection(ProjectConfigurationPlatforms) = postSolution
		{0FCE71D8-B1DA-5B69-774C-B69D00BA19CC}.Debug|Any CPU.ActiveCfg = Debug|Any CPU
		{0FCE71D8-B1DA-5B69-774C-B69D00BA19CC}.Debug|Any CPU.Build.0 = Debug|Any CPU
		{0FCE71D8-B1DA-5B69-774C-B69D00BA19CC}.Release|Any CPU.ActiveCfg = Release|Any CPU
		{0FCE71D8-B1DA-5B69-774C-B69D00BA19CC}.Release|Any CPU.Build.0 = Release|Any CPU
	EndGlobalSection
	GlobalSection(SolutionProperties) = preSolution
		HideSolutionNode = FALSE
	EndGlobalSection
	GlobalSection(ExtensibilityGlobals) = postSolution
		SolutionGuid = {7DC70B28-5B2A-4B6F-92E4-511270D99647}
	EndGlobalSection
EndGlobal
